// !$*UTF8*$!
{
	archiveVersion = 1;
	classes = {
	};
	objectVersion = 55;
	objects = {

/* Begin PBXBuildFile section */
		23D287532A0A3D2C00446D28 /* AppDelegate.swift in Sources */ = {isa = PBXBuildFile; fileRef = 23D287522A0A3D2C00446D28 /* AppDelegate.swift */; };
		23D287552A0A3D2C00446D28 /* SceneDelegate.swift in Sources */ = {isa = PBXBuildFile; fileRef = 23D287542A0A3D2C00446D28 /* SceneDelegate.swift */; };
		23D287572A0A3D2C00446D28 /* ViewController.swift in Sources */ = {isa = PBXBuildFile; fileRef = 23D287562A0A3D2C00446D28 /* ViewController.swift */; };
		23D2875A2A0A3D2C00446D28 /* Main.storyboard in Resources */ = {isa = PBXBuildFile; fileRef = 23D287582A0A3D2C00446D28 /* Main.storyboard */; };
		23D2875D2A0A3D2C00446D28 /* IOS_Project.xcdatamodeld in Sources */ = {isa = PBXBuildFile; fileRef = 23D2875B2A0A3D2C00446D28 /* IOS_Project.xcdatamodeld */; };
		23D2875F2A0A3D2E00446D28 /* Assets.xcassets in Resources */ = {isa = PBXBuildFile; fileRef = 23D2875E2A0A3D2E00446D28 /* Assets.xcassets */; };
		23D287622A0A3D2E00446D28 /* LaunchScreen.storyboard in Resources */ = {isa = PBXBuildFile; fileRef = 23D287602A0A3D2E00446D28 /* LaunchScreen.storyboard */; };
		23D2876D2A0A3D2F00446D28 /* IOS_ProjectTests.swift in Sources */ = {isa = PBXBuildFile; fileRef = 23D2876C2A0A3D2F00446D28 /* IOS_ProjectTests.swift */; };
		23D287772A0A3D2F00446D28 /* IOS_ProjectUITests.swift in Sources */ = {isa = PBXBuildFile; fileRef = 23D287762A0A3D2F00446D28 /* IOS_ProjectUITests.swift */; };
		23D287792A0A3D2F00446D28 /* IOS_ProjectUITestsLaunchTests.swift in Sources */ = {isa = PBXBuildFile; fileRef = 23D287782A0A3D2F00446D28 /* IOS_ProjectUITestsLaunchTests.swift */; };
		23D287862A0A3DB800446D28 /* GameLogic.swift in Sources */ = {isa = PBXBuildFile; fileRef = 23D287852A0A3DB800446D28 /* GameLogic.swift */; };
/* End PBXBuildFile section */

/* Begin PBXContainerItemProxy section */
		23D287692A0A3D2F00446D28 /* PBXContainerItemProxy */ = {
			isa = PBXContainerItemProxy;
			containerPortal = 23D287472A0A3D2C00446D28 /* Project object */;
			proxyType = 1;
			remoteGlobalIDString = 23D2874E2A0A3D2C00446D28;
			remoteInfo = IOS_Project;
		};
		23D287732A0A3D2F00446D28 /* PBXContainerItemProxy */ = {
			isa = PBXContainerItemProxy;
			containerPortal = 23D287472A0A3D2C00446D28 /* Project object */;
			proxyType = 1;
			remoteGlobalIDString = 23D2874E2A0A3D2C00446D28;
			remoteInfo = IOS_Project;
		};
/* End PBXContainerItemProxy section */

/* Begin PBXFileReference section */
		23D2874F2A0A3D2C00446D28 /* IOS_Project.app */ = {isa = PBXFileReference; explicitFileType = wrapper.application; includeInIndex = 0; path = IOS_Project.app; sourceTree = BUILT_PRODUCTS_DIR; };
		23D287522A0A3D2C00446D28 /* AppDelegate.swift */ = {isa = PBXFileReference; lastKnownFileType = sourcecode.swift; path = AppDelegate.swift; sourceTree = "<group>"; };
		23D287542A0A3D2C00446D28 /* SceneDelegate.swift */ = {isa = PBXFileReference; lastKnownFileType = sourcecode.swift; path = SceneDelegate.swift; sourceTree = "<group>"; };
		23D287562A0A3D2C00446D28 /* ViewController.swift */ = {isa = PBXFileReference; lastKnownFileType = sourcecode.swift; path = ViewController.swift; sourceTree = "<group>"; };
		23D287592A0A3D2C00446D28 /* Base */ = {isa = PBXFileReference; lastKnownFileType = file.storyboard; name = Base; path = Base.lproj/Main.storyboard; sourceTree = "<group>"; };
		23D2875C2A0A3D2C00446D28 /* IOS_Project.xcdatamodel */ = {isa = PBXFileReference; lastKnownFileType = wrapper.xcdatamodel; path = IOS_Project.xcdatamodel; sourceTree = "<group>"; };
		23D2875E2A0A3D2E00446D28 /* Assets.xcassets */ = {isa = PBXFileReference; lastKnownFileType = folder.assetcatalog; path = Assets.xcassets; sourceTree = "<group>"; };
		23D287612A0A3D2E00446D28 /* Base */ = {isa = PBXFileReference; lastKnownFileType = file.storyboard; name = Base; path = Base.lproj/LaunchScreen.storyboard; sourceTree = "<group>"; };
		23D287632A0A3D2E00446D28 /* Info.plist */ = {isa = PBXFileReference; lastKnownFileType = text.plist.xml; path = Info.plist; sourceTree = "<group>"; };
		23D287682A0A3D2F00446D28 /* IOS_ProjectTests.xctest */ = {isa = PBXFileReference; explicitFileType = wrapper.cfbundle; includeInIndex = 0; path = IOS_ProjectTests.xctest; sourceTree = BUILT_PRODUCTS_DIR; };
		23D2876C2A0A3D2F00446D28 /* IOS_ProjectTests.swift */ = {isa = PBXFileReference; lastKnownFileType = sourcecode.swift; path = IOS_ProjectTests.swift; sourceTree = "<group>"; };
		23D287722A0A3D2F00446D28 /* IOS_ProjectUITests.xctest */ = {isa = PBXFileReference; explicitFileType = wrapper.cfbundle; includeInIndex = 0; path = IOS_ProjectUITests.xctest; sourceTree = BUILT_PRODUCTS_DIR; };
		23D287762A0A3D2F00446D28 /* IOS_ProjectUITests.swift */ = {isa = PBXFileReference; lastKnownFileType = sourcecode.swift; path = IOS_ProjectUITests.swift; sourceTree = "<group>"; };
		23D287782A0A3D2F00446D28 /* IOS_ProjectUITestsLaunchTests.swift */ = {isa = PBXFileReference; lastKnownFileType = sourcecode.swift; path = IOS_ProjectUITestsLaunchTests.swift; sourceTree = "<group>"; };
		23D287852A0A3DB800446D28 /* GameLogic.swift */ = {isa = PBXFileReference; lastKnownFileType = sourcecode.swift; path = GameLogic.swift; sourceTree = "<group>"; };
/* End PBXFileReference section */

/* Begin PBXFrameworksBuildPhase section */
		23D2874C2A0A3D2C00446D28 /* Frameworks */ = {
			isa = PBXFrameworksBuildPhase;
			buildActionMask = 2147483647;
			files = (
			);
			runOnlyForDeploymentPostprocessing = 0;
		};
		23D287652A0A3D2F00446D28 /* Frameworks */ = {
			isa = PBXFrameworksBuildPhase;
			buildActionMask = 2147483647;
			files = (
			);
			runOnlyForDeploymentPostprocessing = 0;
		};
		23D2876F2A0A3D2F00446D28 /* Frameworks */ = {
			isa = PBXFrameworksBuildPhase;
			buildActionMask = 2147483647;
			files = (
			);
			runOnlyForDeploymentPostprocessing = 0;
		};
/* End PBXFrameworksBuildPhase section */

/* Begin PBXGroup section */
		23D287462A0A3D2C00446D28 = {
			isa = PBXGroup;
			children = (
				23D287512A0A3D2C00446D28 /* IOS_Project */,
				23D2876B2A0A3D2F00446D28 /* IOS_ProjectTests */,
				23D287752A0A3D2F00446D28 /* IOS_ProjectUITests */,
				23D287502A0A3D2C00446D28 /* Products */,
			);
			sourceTree = "<group>";
		};
		23D287502A0A3D2C00446D28 /* Products */ = {
			isa = PBXGroup;
			children = (
				23D2874F2A0A3D2C00446D28 /* IOS_Project.app */,
				23D287682A0A3D2F00446D28 /* IOS_ProjectTests.xctest */,
				23D287722A0A3D2F00446D28 /* IOS_ProjectUITests.xctest */,
			);
			name = Products;
			sourceTree = "<group>";
		};
		23D287512A0A3D2C00446D28 /* IOS_Project */ = {
			isa = PBXGroup;
			children = (
				23D287522A0A3D2C00446D28 /* AppDelegate.swift */,
				23D287542A0A3D2C00446D28 /* SceneDelegate.swift */,
				23D287562A0A3D2C00446D28 /* ViewController.swift */,
				23D287582A0A3D2C00446D28 /* Main.storyboard */,
				23D2875E2A0A3D2E00446D28 /* Assets.xcassets */,
				23D287602A0A3D2E00446D28 /* LaunchScreen.storyboard */,
				23D287632A0A3D2E00446D28 /* Info.plist */,
				23D2875B2A0A3D2C00446D28 /* IOS_Project.xcdatamodeld */,
				23D287852A0A3DB800446D28 /* GameLogic.swift */,
			);
			path = IOS_Project;
			sourceTree = "<group>";
		};
		23D2876B2A0A3D2F00446D28 /* IOS_ProjectTests */ = {
			isa = PBXGroup;
			children = (
				23D2876C2A0A3D2F00446D28 /* IOS_ProjectTests.swift */,
			);
			path = IOS_ProjectTests;
			sourceTree = "<group>";
		};
		23D287752A0A3D2F00446D28 /* IOS_ProjectUITests */ = {
			isa = PBXGroup;
			children = (
				23D287762A0A3D2F00446D28 /* IOS_ProjectUITests.swift */,
				23D287782A0A3D2F00446D28 /* IOS_ProjectUITestsLaunchTests.swift */,
			);
			path = IOS_ProjectUITests;
			sourceTree = "<group>";
		};
/* End PBXGroup section */

/* Begin PBXNativeTarget section */
		23D2874E2A0A3D2C00446D28 /* IOS_Project */ = {
			isa = PBXNativeTarget;
			buildConfigurationList = 23D2877C2A0A3D2F00446D28 /* Build configuration list for PBXNativeTarget "IOS_Project" */;
			buildPhases = (
				23D2874B2A0A3D2C00446D28 /* Sources */,
				23D2874C2A0A3D2C00446D28 /* Frameworks */,
				23D2874D2A0A3D2C00446D28 /* Resources */,
			);
			buildRules = (
			);
			dependencies = (
			);
			name = IOS_Project;
			productName = IOS_Project;
			productReference = 23D2874F2A0A3D2C00446D28 /* IOS_Project.app */;
			productType = "com.apple.product-type.application";
		};
		23D287672A0A3D2F00446D28 /* IOS_ProjectTests */ = {
			isa = PBXNativeTarget;
			buildConfigurationList = 23D2877F2A0A3D2F00446D28 /* Build configuration list for PBXNativeTarget "IOS_ProjectTests" */;
			buildPhases = (
				23D287642A0A3D2F00446D28 /* Sources */,
				23D287652A0A3D2F00446D28 /* Frameworks */,
				23D287662A0A3D2F00446D28 /* Resources */,
			);
			buildRules = (
			);
			dependencies = (
				23D2876A2A0A3D2F00446D28 /* PBXTargetDependency */,
			);
			name = IOS_ProjectTests;
			productName = IOS_ProjectTests;
			productReference = 23D287682A0A3D2F00446D28 /* IOS_ProjectTests.xctest */;
			productType = "com.apple.product-type.bundle.unit-test";
		};
		23D287712A0A3D2F00446D28 /* IOS_ProjectUITests */ = {
			isa = PBXNativeTarget;
			buildConfigurationList = 23D287822A0A3D2F00446D28 /* Build configuration list for PBXNativeTarget "IOS_ProjectUITests" */;
			buildPhases = (
				23D2876E2A0A3D2F00446D28 /* Sources */,
				23D2876F2A0A3D2F00446D28 /* Frameworks */,
				23D287702A0A3D2F00446D28 /* Resources */,
			);
			buildRules = (
			);
			dependencies = (
				23D287742A0A3D2F00446D28 /* PBXTargetDependency */,
			);
			name = IOS_ProjectUITests;
			productName = IOS_ProjectUITests;
			productReference = 23D287722A0A3D2F00446D28 /* IOS_ProjectUITests.xctest */;
			productType = "com.apple.product-type.bundle.ui-testing";
		};
/* End PBXNativeTarget section */

/* Begin PBXProject section */
		23D287472A0A3D2C00446D28 /* Project object */ = {
			isa = PBXProject;
			attributes = {
				BuildIndependentTargetsInParallel = 1;
				LastSwiftUpdateCheck = 1330;
				LastUpgradeCheck = 1330;
				TargetAttributes = {
					23D2874E2A0A3D2C00446D28 = {
						CreatedOnToolsVersion = 13.3;
					};
					23D287672A0A3D2F00446D28 = {
						CreatedOnToolsVersion = 13.3;
						TestTargetID = 23D2874E2A0A3D2C00446D28;
					};
					23D287712A0A3D2F00446D28 = {
						CreatedOnToolsVersion = 13.3;
						TestTargetID = 23D2874E2A0A3D2C00446D28;
					};
				};
			};
			buildConfigurationList = 23D2874A2A0A3D2C00446D28 /* Build configuration list for PBXProject "IOS_Project" */;
			compatibilityVersion = "Xcode 13.0";
			developmentRegion = en;
			hasScannedForEncodings = 0;
			knownRegions = (
				en,
				Base,
			);
			mainGroup = 23D287462A0A3D2C00446D28;
			productRefGroup = 23D287502A0A3D2C00446D28 /* Products */;
			projectDirPath = "";
			projectRoot = "";
			targets = (
				23D2874E2A0A3D2C00446D28 /* IOS_Project */,
				23D287672A0A3D2F00446D28 /* IOS_ProjectTests */,
				23D287712A0A3D2F00446D28 /* IOS_ProjectUITests */,
			);
		};
/* End PBXProject section */

/* Begin PBXResourcesBuildPhase section */
		23D2874D2A0A3D2C00446D28 /* Resources */ = {
			isa = PBXResourcesBuildPhase;
			buildActionMask = 2147483647;
			files = (
				23D287622A0A3D2E00446D28 /* LaunchScreen.storyboard in Resources */,
				23D2875F2A0A3D2E00446D28 /* Assets.xcassets in Resources */,
				23D2875A2A0A3D2C00446D28 /* Main.storyboard in Resources */,
			);
			runOnlyForDeploymentPostprocessing = 0;
		};
		23D287662A0A3D2F00446D28 /* Resources */ = {
			isa = PBXResourcesBuildPhase;
			buildActionMask = 2147483647;
			files = (
			);
			runOnlyForDeploymentPostprocessing = 0;
		};
		23D287702A0A3D2F00446D28 /* Resources */ = {
			isa = PBXResourcesBuildPhase;
			buildActionMask = 2147483647;
			files = (
			);
			runOnlyForDeploymentPostprocessing = 0;
		};
/* End PBXResourcesBuildPhase section */

/* Begin PBXSourcesBuildPhase section */
		23D2874B2A0A3D2C00446D28 /* Sources */ = {
			isa = PBXSourcesBuildPhase;
			buildActionMask = 2147483647;
			files = (
				23D287572A0A3D2C00446D28 /* ViewController.swift in Sources */,
				23D2875D2A0A3D2C00446D28 /* IOS_Project.xcdatamodeld in Sources */,
				23D287532A0A3D2C00446D28 /* AppDelegate.swift in Sources */,
				23D287862A0A3DB800446D28 /* GameLogic.swift in Sources */,
				23D287552A0A3D2C00446D28 /* SceneDelegate.swift in Sources */,
			);
			runOnlyForDeploymentPostprocessing = 0;
		};
		23D287642A0A3D2F00446D28 /* Sources */ = {
			isa = PBXSourcesBuildPhase;
			buildActionMask = 2147483647;
			files = (
				23D2876D2A0A3D2F00446D28 /* IOS_ProjectTests.swift in Sources */,
			);
			runOnlyForDeploymentPostprocessing = 0;
		};
		23D2876E2A0A3D2F00446D28 /* Sources */ = {
			isa = PBXSourcesBuildPhase;
			buildActionMask = 2147483647;
			files = (
				23D287792A0A3D2F00446D28 /* IOS_ProjectUITestsLaunchTests.swift in Sources */,
				23D287772A0A3D2F00446D28 /* IOS_ProjectUITests.swift in Sources */,
			);
			runOnlyForDeploymentPostprocessing = 0;
		};
/* End PBXSourcesBuildPhase section */

/* Begin PBXTargetDependency section */
		23D2876A2A0A3D2F00446D28 /* PBXTargetDependency */ = {
			isa = PBXTargetDependency;
			target = 23D2874E2A0A3D2C00446D28 /* IOS_Project */;
			targetProxy = 23D287692A0A3D2F00446D28 /* PBXContainerItemProxy */;
		};
		23D287742A0A3D2F00446D28 /* PBXTargetDependency */ = {
			isa = PBXTargetDependency;
			target = 23D2874E2A0A3D2C00446D28 /* IOS_Project */;
			targetProxy = 23D287732A0A3D2F00446D28 /* PBXContainerItemProxy */;
		};
/* End PBXTargetDependency section */

/* Begin PBXVariantGroup section */
		23D287582A0A3D2C00446D28 /* Main.storyboard */ = {
			isa = PBXVariantGroup;
			children = (
				23D287592A0A3D2C00446D28 /* Base */,
			);
			name = Main.storyboard;
			sourceTree = "<group>";
		};
		23D287602A0A3D2E00446D28 /* LaunchScreen.storyboard */ = {
			isa = PBXVariantGroup;
			children = (
				23D287612A0A3D2E00446D28 /* Base */,
			);
			name = LaunchScreen.storyboard;
			sourceTree = "<group>";
		};
/* End PBXVariantGroup section */

/* Begin XCBuildConfiguration section */
		23D2877A2A0A3D2F00446D28 /* Debug */ = {
			isa = XCBuildConfiguration;
			buildSettings = {
				ALWAYS_SEARCH_USER_PATHS = NO;
				CLANG_ANALYZER_NONNULL = YES;
				CLANG_ANALYZER_NUMBER_OBJECT_CONVERSION = YES_AGGRESSIVE;
				CLANG_CXX_LANGUAGE_STANDARD = "gnu++17";
				CLANG_ENABLE_MODULES = YES;
				CLANG_ENABLE_OBJC_ARC = YES;
				CLANG_ENABLE_OBJC_WEAK = YES;
				CLANG_WARN_BLOCK_CAPTURE_AUTORELEASING = YES;
				CLANG_WARN_BOOL_CONVERSION = YES;
				CLANG_WARN_COMMA = YES;
				CLANG_WARN_CONSTANT_CONVERSION = YES;
				CLANG_WARN_DEPRECATED_OBJC_IMPLEMENTATIONS = YES;
				CLANG_WARN_DIRECT_OBJC_ISA_USAGE = YES_ERROR;
				CLANG_WARN_DOCUMENTATION_COMMENTS = YES;
				CLANG_WARN_EMPTY_BODY = YES;
				CLANG_WARN_ENUM_CONVERSION = YES;
				CLANG_WARN_INFINITE_RECURSION = YES;
				CLANG_WARN_INT_CONVERSION = YES;
				CLANG_WARN_NON_LITERAL_NULL_CONVERSION = YES;
				CLANG_WARN_OBJC_IMPLICIT_RETAIN_SELF = YES;
				CLANG_WARN_OBJC_LITERAL_CONVERSION = YES;
				CLANG_WARN_OBJC_ROOT_CLASS = YES_ERROR;
				CLANG_WARN_QUOTED_INCLUDE_IN_FRAMEWORK_HEADER = YES;
				CLANG_WARN_RANGE_LOOP_ANALYSIS = YES;
				CLANG_WARN_STRICT_PROTOTYPES = YES;
				CLANG_WARN_SUSPICIOUS_MOVE = YES;
				CLANG_WARN_UNGUARDED_AVAILABILITY = YES_AGGRESSIVE;
				CLANG_WARN_UNREACHABLE_CODE = YES;
				CLANG_WARN__DUPLICATE_METHOD_MATCH = YES;
				COPY_PHASE_STRIP = NO;
				DEBUG_INFORMATION_FORMAT = dwarf;
				ENABLE_STRICT_OBJC_MSGSEND = YES;
				ENABLE_TESTABILITY = YES;
				GCC_C_LANGUAGE_STANDARD = gnu11;
				GCC_DYNAMIC_NO_PIC = NO;
				GCC_NO_COMMON_BLOCKS = YES;
				GCC_OPTIMIZATION_LEVEL = 0;
				GCC_PREPROCESSOR_DEFINITIONS = (
					"DEBUG=1",
					"$(inherited)",
				);
				GCC_WARN_64_TO_32_BIT_CONVERSION = YES;
				GCC_WARN_ABOUT_RETURN_TYPE = YES_ERROR;
				GCC_WARN_UNDECLARED_SELECTOR = YES;
				GCC_WARN_UNINITIALIZED_AUTOS = YES_AGGRESSIVE;
				GCC_WARN_UNUSED_FUNCTION = YES;
				GCC_WARN_UNUSED_VARIABLE = YES;
				IPHONEOS_DEPLOYMENT_TARGET = 15.4;
				MTL_ENABLE_DEBUG_INFO = INCLUDE_SOURCE;
				MTL_FAST_MATH = YES;
				ONLY_ACTIVE_ARCH = YES;
				SDKROOT = iphoneos;
				SWIFT_ACTIVE_COMPILATION_CONDITIONS = DEBUG;
				SWIFT_OPTIMIZATION_LEVEL = "-Onone";
			};
			name = Debug;
		};
		23D2877B2A0A3D2F00446D28 /* Release */ = {
			isa = XCBuildConfiguration;
			buildSettings = {
				ALWAYS_SEARCH_USER_PATHS = NO;
				CLANG_ANALYZER_NONNULL = YES;
				CLANG_ANALYZER_NUMBER_OBJECT_CONVERSION = YES_AGGRESSIVE;
				CLANG_CXX_LANGUAGE_STANDARD = "gnu++17";
				CLANG_ENABLE_MODULES = YES;
				CLANG_ENABLE_OBJC_ARC = YES;
				CLANG_ENABLE_OBJC_WEAK = YES;
				CLANG_WARN_BLOCK_CAPTURE_AUTORELEASING = YES;
				CLANG_WARN_BOOL_CONVERSION = YES;
				CLANG_WARN_COMMA = YES;
				CLANG_WARN_CONSTANT_CONVERSION = YES;
				CLANG_WARN_DEPRECATED_OBJC_IMPLEMENTATIONS = YES;
				CLANG_WARN_DIRECT_OBJC_ISA_USAGE = YES_ERROR;
				CLANG_WARN_DOCUMENTATION_COMMENTS = YES;
				CLANG_WARN_EMPTY_BODY = YES;
				CLANG_WARN_ENUM_CONVERSION = YES;
				CLANG_WARN_INFINITE_RECURSION = YES;
				CLANG_WARN_INT_CONVERSION = YES;
				CLANG_WARN_NON_LITERAL_NULL_CONVERSION = YES;
				CLANG_WARN_OBJC_IMPLICIT_RETAIN_SELF = YES;
				CLANG_WARN_OBJC_LITERAL_CONVERSION = YES;
				CLANG_WARN_OBJC_ROOT_CLASS = YES_ERROR;
				CLANG_WARN_QUOTED_INCLUDE_IN_FRAMEWORK_HEADER = YES;
				CLANG_WARN_RANGE_LOOP_ANALYSIS = YES;
				CLANG_WARN_STRICT_PROTOTYPES = YES;
				CLANG_WARN_SUSPICIOUS_MOVE = YES;
				CLANG_WARN_UNGUARDED_AVAILABILITY = YES_AGGRESSIVE;
				CLANG_WARN_UNREACHABLE_CODE = YES;
				CLANG_WARN__DUPLICATE_METHOD_MATCH = YES;
				COPY_PHASE_STRIP = NO;
				DEBUG_INFORMATION_FORMAT = "dwarf-with-dsym";
				ENABLE_NS_ASSERTIONS = NO;
				ENABLE_STRICT_OBJC_MSGSEND = YES;
				GCC_C_LANGUAGE_STANDARD = gnu11;
				GCC_NO_COMMON_BLOCKS = YES;
				GCC_WARN_64_TO_32_BIT_CONVERSION = YES;
				GCC_WARN_ABOUT_RETURN_TYPE = YES_ERROR;
				GCC_WARN_UNDECLARED_SELECTOR = YES;
				GCC_WARN_UNINITIALIZED_AUTOS = YES_AGGRESSIVE;
				GCC_WARN_UNUSED_FUNCTION = YES;
				GCC_WARN_UNUSED_VARIABLE = YES;
				IPHONEOS_DEPLOYMENT_TARGET = 15.4;
				MTL_ENABLE_DEBUG_INFO = NO;
				MTL_FAST_MATH = YES;
				SDKROOT = iphoneos;
				SWIFT_COMPILATION_MODE = wholemodule;
				SWIFT_OPTIMIZATION_LEVEL = "-O";
				VALIDATE_PRODUCT = YES;
			};
			name = Release;
		};
		23D2877D2A0A3D2F00446D28 /* Debug */ = {
			isa = XCBuildConfiguration;
			buildSettings = {
				ASSETCATALOG_COMPILER_APPICON_NAME = AppIcon;
				ASSETCATALOG_COMPILER_GLOBAL_ACCENT_COLOR_NAME = AccentColor;
				CODE_SIGN_STYLE = Automatic;
				CURRENT_PROJECT_VERSION = 1;
				GENERATE_INFOPLIST_FILE = YES;
				INFOPLIST_FILE = IOS_Project/Info.plist;
				INFOPLIST_KEY_UIApplicationSupportsIndirectInputEvents = YES;
				INFOPLIST_KEY_UILaunchStoryboardName = LaunchScreen;
				INFOPLIST_KEY_UIMainStoryboardFile = Main;
				INFOPLIST_KEY_UISupportedInterfaceOrientations_iPad = "UIInterfaceOrientationPortrait UIInterfaceOrientationPortraitUpsideDown UIInterfaceOrientationLandscapeLeft UIInterfaceOrientationLandscapeRight";
				INFOPLIST_KEY_UISupportedInterfaceOrientations_iPhone = "UIInterfaceOrientationPortrait UIInterfaceOrientationLandscapeLeft UIInterfaceOrientationLandscapeRight";
				LD_RUNPATH_SEARCH_PATHS = (
					"$(inherited)",
					"@executable_path/Frameworks",
				);
				MARKETING_VERSION = 1.0;
				PRODUCT_BUNDLE_IDENTIFIER = "qsdf.IOS-Project";
				PRODUCT_NAME = "$(TARGET_NAME)";
				SWIFT_EMIT_LOC_STRINGS = YES;
				SWIFT_VERSION = 5.0;
				TARGETED_DEVICE_FAMILY = "1,2";
			};
			name = Debug;
		};
		23D2877E2A0A3D2F00446D28 /* Release */ = {
			isa = XCBuildConfiguration;
			buildSettings = {
				ASSETCATALOG_COMPILER_APPICON_NAME = AppIcon;
				ASSETCATALOG_COMPILER_GLOBAL_ACCENT_COLOR_NAME = AccentColor;
				CODE_SIGN_STYLE = Automatic;
				CURRENT_PROJECT_VERSION = 1;
				GENERATE_INFOPLIST_FILE = YES;
				INFOPLIST_FILE = IOS_Project/Info.plist;
				INFOPLIST_KEY_UIApplicationSupportsIndirectInputEvents = YES;
				INFOPLIST_KEY_UILaunchStoryboardName = LaunchScreen;
				INFOPLIST_KEY_UIMainStoryboardFile = Main;
				INFOPLIST_KEY_UISupportedInterfaceOrientations_iPad = "UIInterfaceOrientationPortrait UIInterfaceOrientationPortraitUpsideDown UIInterfaceOrientationLandscapeLeft UIInterfaceOrientationLandscapeRight";
				INFOPLIST_KEY_UISupportedInterfaceOrientations_iPhone = "UIInterfaceOrientationPortrait UIInterfaceOrientationLandscapeLeft UIInterfaceOrientationLandscapeRight";
				LD_RUNPATH_SEARCH_PATHS = (
					"$(inherited)",
					"@executable_path/Frameworks",
				);
				MARKETING_VERSION = 1.0;
				PRODUCT_BUNDLE_IDENTIFIER = "qsdf.IOS-Project";
				PRODUCT_NAME = "$(TARGET_NAME)";
				SWIFT_EMIT_LOC_STRINGS = YES;
				SWIFT_VERSION = 5.0;
				TARGETED_DEVICE_FAMILY = "1,2";
			};
			name = Release;
		};
		23D287802A0A3D2F00446D28 /* Debug */ = {
			isa = XCBuildConfiguration;
			buildSettings = {
				ALWAYS_EMBED_SWIFT_STANDARD_LIBRARIES = YES;
				BUNDLE_LOADER = "$(TEST_HOST)";
				CODE_SIGN_STYLE = Automatic;
				CURRENT_PROJECT_VERSION = 1;
				GENERATE_INFOPLIST_FILE = YES;
				IPHONEOS_DEPLOYMENT_TARGET = 15.4;
				MARKETING_VERSION = 1.0;
				PRODUCT_BUNDLE_IDENTIFIER = "qsdf.IOS-ProjectTests";
				PRODUCT_NAME = "$(TARGET_NAME)";
				SWIFT_EMIT_LOC_STRINGS = NO;
				SWIFT_VERSION = 5.0;
				TARGETED_DEVICE_FAMILY = "1,2";
				TEST_HOST = "$(BUILT_PRODUCTS_DIR)/IOS_Project.app/IOS_Project";
			};
			name = Debug;
		};
		23D287812A0A3D2F00446D28 /* Release */ = {
			isa = XCBuildConfiguration;
			buildSettings = {
				ALWAYS_EMBED_SWIFT_STANDARD_LIBRARIES = YES;
				BUNDLE_LOADER = "$(TEST_HOST)";
				CODE_SIGN_STYLE = Automatic;
				CURRENT_PROJECT_VERSION = 1;
				GENERATE_INFOPLIST_FILE = YES;
				IPHONEOS_DEPLOYMENT_TARGET = 15.4;
				MARKETING_VERSION = 1.0;
				PRODUCT_BUNDLE_IDENTIFIER = "qsdf.IOS-ProjectTests";
				PRODUCT_NAME = "$(TARGET_NAME)";
				SWIFT_EMIT_LOC_STRINGS = NO;
				SWIFT_VERSION = 5.0;
				TARGETED_DEVICE_FAMILY = "1,2";
				TEST_HOST = "$(BUILT_PRODUCTS_DIR)/IOS_Project.app/IOS_Project";
			};
			name = Release;
		};
		23D287832A0A3D2F00446D28 /* Debug */ = {
			isa = XCBuildConfiguration;
			buildSettings = {
				ALWAYS_EMBED_SWIFT_STANDARD_LIBRARIES = YES;
				CODE_SIGN_STYLE = Automatic;
				CURRENT_PROJECT_VERSION = 1;
				GENERATE_INFOPLIST_FILE = YES;
				MARKETING_VERSION = 1.0;
				PRODUCT_BUNDLE_IDENTIFIER = "qsdf.IOS-ProjectUITests";
				PRODUCT_NAME = "$(TARGET_NAME)";
				SWIFT_EMIT_LOC_STRINGS = NO;
				SWIFT_VERSION = 5.0;
				TARGETED_DEVICE_FAMILY = "1,2";
				TEST_TARGET_NAME = IOS_Project;
			};
			name = Debug;
		};
		23D287842A0A3D2F00446D28 /* Release */ = {
			isa = XCBuildConfiguration;
			buildSettings = {
				ALWAYS_EMBED_SWIFT_STANDARD_LIBRARIES = YES;
				CODE_SIGN_STYLE = Automatic;
				CURRENT_PROJECT_VERSION = 1;
				GENERATE_INFOPLIST_FILE = YES;
				MARKETING_VERSION = 1.0;
				PRODUCT_BUNDLE_IDENTIFIER = "qsdf.IOS-ProjectUITests";
				PRODUCT_NAME = "$(TARGET_NAME)";
				SWIFT_EMIT_LOC_STRINGS = NO;
				SWIFT_VERSION = 5.0;
				TARGETED_DEVICE_FAMILY = "1,2";
				TEST_TARGET_NAME = IOS_Project;
			};
			name = Release;
		};
/* End XCBuildConfiguration section */

/* Begin XCConfigurationList section */
		23D2874A2A0A3D2C00446D28 /* Build configuration list for PBXProject "IOS_Project" */ = {
			isa = XCConfigurationList;
			buildConfigurations = (
				23D2877A2A0A3D2F00446D28 /* Debug */,
				23D2877B2A0A3D2F00446D28 /* Release */,
			);
			defaultConfigurationIsVisible = 0;
			defaultConfigurationName = Release;
		};
		23D2877C2A0A3D2F00446D28 /* Build configuration list for PBXNativeTarget "IOS_Project" */ = {
			isa = XCConfigurationList;
			buildConfigurations = (
				23D2877D2A0A3D2F00446D28 /* Debug */,
				23D2877E2A0A3D2F00446D28 /* Release */,
			);
			defaultConfigurationIsVisible = 0;
			defaultConfigurationName = Release;
		};
		23D2877F2A0A3D2F00446D28 /* Build configuration list for PBXNativeTarget "IOS_ProjectTests" */ = {
			isa = XCConfigurationList;
			buildConfigurations = (
				23D287802A0A3D2F00446D28 /* Debug */,
				23D287812A0A3D2F00446D28 /* Release */,
			);
			defaultConfigurationIsVisible = 0;
			defaultConfigurationName = Release;
		};
		23D287822A0A3D2F00446D28 /* Build configuration list for PBXNativeTarget "IOS_ProjectUITests" */ = {
			isa = XCConfigurationList;
			buildConfigurations = (
				23D287832A0A3D2F00446D28 /* Debug */,
				23D287842A0A3D2F00446D28 /* Release */,
			);
			defaultConfigurationIsVisible = 0;
			defaultConfigurationName = Release;
		};
/* End XCConfigurationList section */

/* Begin XCVersionGroup section */
		23D2875B2A0A3D2C00446D28 /* IOS_Project.xcdatamodeld */ = {
			isa = XCVersionGroup;
			children = (
				23D2875C2A0A3D2C00446D28 /* IOS_Project.xcdatamodel */,
			);
			currentVersion = 23D2875C2A0A3D2C00446D28 /* IOS_Project.xcdatamodel */;
			path = IOS_Project.xcdatamodeld;
			sourceTree = "<group>";
			versionGroupType = wrapper.xcdatamodel;
		};
/* End XCVersionGroup section */
	};
	rootObject = 23D287472A0A3D2C00446D28 /* Project object */;
}
