// !$*UTF8*$!
{
	archiveVersion = 1;
	classes = {
	};
	objectVersion = 56;
	objects = {

/* Begin PBXBuildFile section */
		3D52E9D42A0A236C002FC945 /* AppDelegate.swift in Sources */ = {isa = PBXBuildFile; fileRef = 3D52E9D32A0A236C002FC945 /* AppDelegate.swift */; };
		3D52E9D62A0A236C002FC945 /* SceneDelegate.swift in Sources */ = {isa = PBXBuildFile; fileRef = 3D52E9D52A0A236C002FC945 /* SceneDelegate.swift */; };
		3D52E9D82A0A236C002FC945 /* ViewController.swift in Sources */ = {isa = PBXBuildFile; fileRef = 3D52E9D72A0A236C002FC945 /* ViewController.swift */; };
		3D52E9DB2A0A236C002FC945 /* Main.storyboard in Resources */ = {isa = PBXBuildFile; fileRef = 3D52E9D92A0A236C002FC945 /* Main.storyboard */; };
		3D52E9DD2A0A236E002FC945 /* Assets.xcassets in Resources */ = {isa = PBXBuildFile; fileRef = 3D52E9DC2A0A236E002FC945 /* Assets.xcassets */; };
		3D52E9E02A0A236E002FC945 /* LaunchScreen.storyboard in Resources */ = {isa = PBXBuildFile; fileRef = 3D52E9DE2A0A236E002FC945 /* LaunchScreen.storyboard */; };
		3D52E9EB2A0A236E002FC945 /* motus_programmationTests.swift in Sources */ = {isa = PBXBuildFile; fileRef = 3D52E9EA2A0A236E002FC945 /* motus_programmationTests.swift */; };
		3D52E9F52A0A236E002FC945 /* motus_programmationUITests.swift in Sources */ = {isa = PBXBuildFile; fileRef = 3D52E9F42A0A236E002FC945 /* motus_programmationUITests.swift */; };
		3D52E9F72A0A236E002FC945 /* motus_programmationUITestsLaunchTests.swift in Sources */ = {isa = PBXBuildFile; fileRef = 3D52E9F62A0A236E002FC945 /* motus_programmationUITestsLaunchTests.swift */; };
		3D52EA042A0A2440002FC945 /* Game.swift in Sources */ = {isa = PBXBuildFile; fileRef = 3D52EA032A0A2440002FC945 /* Game.swift */; };
/* End PBXBuildFile section */

/* Begin PBXContainerItemProxy section */
		3D52E9E72A0A236E002FC945 /* PBXContainerItemProxy */ = {
			isa = PBXContainerItemProxy;
			containerPortal = 3D52E9C82A0A236C002FC945 /* Project object */;
			proxyType = 1;
			remoteGlobalIDString = 3D52E9CF2A0A236C002FC945;
			remoteInfo = motus_programmation;
		};
		3D52E9F12A0A236E002FC945 /* PBXContainerItemProxy */ = {
			isa = PBXContainerItemProxy;
			containerPortal = 3D52E9C82A0A236C002FC945 /* Project object */;
			proxyType = 1;
			remoteGlobalIDString = 3D52E9CF2A0A236C002FC945;
			remoteInfo = motus_programmation;
		};
/* End PBXContainerItemProxy section */

/* Begin PBXFileReference section */
		3D52E9D02A0A236C002FC945 /* motus_programmation.app */ = {isa = PBXFileReference; explicitFileType = wrapper.application; includeInIndex = 0; path = motus_programmation.app; sourceTree = BUILT_PRODUCTS_DIR; };
		3D52E9D32A0A236C002FC945 /* AppDelegate.swift */ = {isa = PBXFileReference; lastKnownFileType = sourcecode.swift; path = AppDelegate.swift; sourceTree = "<group>"; };
		3D52E9D52A0A236C002FC945 /* SceneDelegate.swift */ = {isa = PBXFileReference; lastKnownFileType = sourcecode.swift; path = SceneDelegate.swift; sourceTree = "<group>"; };
		3D52E9D72A0A236C002FC945 /* ViewController.swift */ = {isa = PBXFileReference; lastKnownFileType = sourcecode.swift; path = ViewController.swift; sourceTree = "<group>"; };
		3D52E9DA2A0A236C002FC945 /* Base */ = {isa = PBXFileReference; lastKnownFileType = file.storyboard; name = Base; path = Base.lproj/Main.storyboard; sourceTree = "<group>"; };
		3D52E9DC2A0A236E002FC945 /* Assets.xcassets */ = {isa = PBXFileReference; lastKnownFileType = folder.assetcatalog; path = Assets.xcassets; sourceTree = "<group>"; };
		3D52E9DF2A0A236E002FC945 /* Base */ = {isa = PBXFileReference; lastKnownFileType = file.storyboard; name = Base; path = Base.lproj/LaunchScreen.storyboard; sourceTree = "<group>"; };
		3D52E9E12A0A236E002FC945 /* Info.plist */ = {isa = PBXFileReference; lastKnownFileType = text.plist.xml; path = Info.plist; sourceTree = "<group>"; };
		3D52E9E62A0A236E002FC945 /* motus_programmationTests.xctest */ = {isa = PBXFileReference; explicitFileType = wrapper.cfbundle; includeInIndex = 0; path = motus_programmationTests.xctest; sourceTree = BUILT_PRODUCTS_DIR; };
		3D52E9EA2A0A236E002FC945 /* motus_programmationTests.swift */ = {isa = PBXFileReference; lastKnownFileType = sourcecode.swift; path = motus_programmationTests.swift; sourceTree = "<group>"; };
		3D52E9F02A0A236E002FC945 /* motus_programmationUITests.xctest */ = {isa = PBXFileReference; explicitFileType = wrapper.cfbundle; includeInIndex = 0; path = motus_programmationUITests.xctest; sourceTree = BUILT_PRODUCTS_DIR; };
		3D52E9F42A0A236E002FC945 /* motus_programmationUITests.swift */ = {isa = PBXFileReference; lastKnownFileType = sourcecode.swift; path = motus_programmationUITests.swift; sourceTree = "<group>"; };
		3D52E9F62A0A236E002FC945 /* motus_programmationUITestsLaunchTests.swift */ = {isa = PBXFileReference; lastKnownFileType = sourcecode.swift; path = motus_programmationUITestsLaunchTests.swift; sourceTree = "<group>"; };
		3D52EA032A0A2440002FC945 /* Game.swift */ = {isa = PBXFileReference; lastKnownFileType = sourcecode.swift; path = Game.swift; sourceTree = "<group>"; };
/* End PBXFileReference section */

/* Begin PBXFrameworksBuildPhase section */
		3D52E9CD2A0A236C002FC945 /* Frameworks */ = {
			isa = PBXFrameworksBuildPhase;
			buildActionMask = 2147483647;
			files = (
			);
			runOnlyForDeploymentPostprocessing = 0;
		};
		3D52E9E32A0A236E002FC945 /* Frameworks */ = {
			isa = PBXFrameworksBuildPhase;
			buildActionMask = 2147483647;
			files = (
			);
			runOnlyForDeploymentPostprocessing = 0;
		};
		3D52E9ED2A0A236E002FC945 /* Frameworks */ = {
			isa = PBXFrameworksBuildPhase;
			buildActionMask = 2147483647;
			files = (
			);
			runOnlyForDeploymentPostprocessing = 0;
		};
/* End PBXFrameworksBuildPhase section */

/* Begin PBXGroup section */
		3D52E9C72A0A236C002FC945 = {
			isa = PBXGroup;
			children = (
				3D52E9D22A0A236C002FC945 /* motus_programmation */,
				3D52E9E92A0A236E002FC945 /* motus_programmationTests */,
				3D52E9F32A0A236E002FC945 /* motus_programmationUITests */,
				3D52E9D12A0A236C002FC945 /* Products */,
			);
			sourceTree = "<group>";
		};
		3D52E9D12A0A236C002FC945 /* Products */ = {
			isa = PBXGroup;
			children = (
				3D52E9D02A0A236C002FC945 /* motus_programmation.app */,
				3D52E9E62A0A236E002FC945 /* motus_programmationTests.xctest */,
				3D52E9F02A0A236E002FC945 /* motus_programmationUITests.xctest */,
			);
			name = Products;
			sourceTree = "<group>";
		};
		3D52E9D22A0A236C002FC945 /* motus_programmation */ = {
			isa = PBXGroup;
			children = (
				3D52E9D32A0A236C002FC945 /* AppDelegate.swift */,
				3D52E9D52A0A236C002FC945 /* SceneDelegate.swift */,
				3D52E9D72A0A236C002FC945 /* ViewController.swift */,
				3D52E9D92A0A236C002FC945 /* Main.storyboard */,
				3D52E9DC2A0A236E002FC945 /* Assets.xcassets */,
				3D52E9DE2A0A236E002FC945 /* LaunchScreen.storyboard */,
				3D52E9E12A0A236E002FC945 /* Info.plist */,
				3D52EA032A0A2440002FC945 /* Game.swift */,
			);
			path = motus_programmation;
			sourceTree = "<group>";
		};
		3D52E9E92A0A236E002FC945 /* motus_programmationTests */ = {
			isa = PBXGroup;
			children = (
				3D52E9EA2A0A236E002FC945 /* motus_programmationTests.swift */,
			);
			path = motus_programmationTests;
			sourceTree = "<group>";
		};
		3D52E9F32A0A236E002FC945 /* motus_programmationUITests */ = {
			isa = PBXGroup;
			children = (
				3D52E9F42A0A236E002FC945 /* motus_programmationUITests.swift */,
				3D52E9F62A0A236E002FC945 /* motus_programmationUITestsLaunchTests.swift */,
			);
			path = motus_programmationUITests;
			sourceTree = "<group>";
		};
/* End PBXGroup section */

/* Begin PBXNativeTarget section */
		3D52E9CF2A0A236C002FC945 /* motus_programmation */ = {
			isa = PBXNativeTarget;
			buildConfigurationList = 3D52E9FA2A0A236E002FC945 /* Build configuration list for PBXNativeTarget "motus_programmation" */;
			buildPhases = (
				3D52E9CC2A0A236C002FC945 /* Sources */,
				3D52E9CD2A0A236C002FC945 /* Frameworks */,
				3D52E9CE2A0A236C002FC945 /* Resources */,
			);
			buildRules = (
			);
			dependencies = (
			);
			name = motus_programmation;
			productName = motus_programmation;
			productReference = 3D52E9D02A0A236C002FC945 /* motus_programmation.app */;
			productType = "com.apple.product-type.application";
		};
		3D52E9E52A0A236E002FC945 /* motus_programmationTests */ = {
			isa = PBXNativeTarget;
			buildConfigurationList = 3D52E9FD2A0A236E002FC945 /* Build configuration list for PBXNativeTarget "motus_programmationTests" */;
			buildPhases = (
				3D52E9E22A0A236E002FC945 /* Sources */,
				3D52E9E32A0A236E002FC945 /* Frameworks */,
				3D52E9E42A0A236E002FC945 /* Resources */,
			);
			buildRules = (
			);
			dependencies = (
				3D52E9E82A0A236E002FC945 /* PBXTargetDependency */,
			);
			name = motus_programmationTests;
			productName = motus_programmationTests;
			productReference = 3D52E9E62A0A236E002FC945 /* motus_programmationTests.xctest */;
			productType = "com.apple.product-type.bundle.unit-test";
		};
		3D52E9EF2A0A236E002FC945 /* motus_programmationUITests */ = {
			isa = PBXNativeTarget;
			buildConfigurationList = 3D52EA002A0A236E002FC945 /* Build configuration list for PBXNativeTarget "motus_programmationUITests" */;
			buildPhases = (
				3D52E9EC2A0A236E002FC945 /* Sources */,
				3D52E9ED2A0A236E002FC945 /* Frameworks */,
				3D52E9EE2A0A236E002FC945 /* Resources */,
			);
			buildRules = (
			);
			dependencies = (
				3D52E9F22A0A236E002FC945 /* PBXTargetDependency */,
			);
			name = motus_programmationUITests;
			productName = motus_programmationUITests;
			productReference = 3D52E9F02A0A236E002FC945 /* motus_programmationUITests.xctest */;
			productType = "com.apple.product-type.bundle.ui-testing";
		};
/* End PBXNativeTarget section */

/* Begin PBXProject section */
		3D52E9C82A0A236C002FC945 /* Project object */ = {
			isa = PBXProject;
			attributes = {
				BuildIndependentTargetsInParallel = 1;
				LastSwiftUpdateCheck = 1420;
				LastUpgradeCheck = 1420;
				TargetAttributes = {
					3D52E9CF2A0A236C002FC945 = {
						CreatedOnToolsVersion = 14.2;
					};
					3D52E9E52A0A236E002FC945 = {
						CreatedOnToolsVersion = 14.2;
						TestTargetID = 3D52E9CF2A0A236C002FC945;
					};
					3D52E9EF2A0A236E002FC945 = {
						CreatedOnToolsVersion = 14.2;
						TestTargetID = 3D52E9CF2A0A236C002FC945;
					};
				};
			};
			buildConfigurationList = 3D52E9CB2A0A236C002FC945 /* Build configuration list for PBXProject "motus_programmation" */;
			compatibilityVersion = "Xcode 14.0";
			developmentRegion = en;
			hasScannedForEncodings = 0;
			knownRegions = (
				en,
				Base,
			);
			mainGroup = 3D52E9C72A0A236C002FC945;
			productRefGroup = 3D52E9D12A0A236C002FC945 /* Products */;
			projectDirPath = "";
			projectRoot = "";
			targets = (
				3D52E9CF2A0A236C002FC945 /* motus_programmation */,
				3D52E9E52A0A236E002FC945 /* motus_programmationTests */,
				3D52E9EF2A0A236E002FC945 /* motus_programmationUITests */,
			);
		};
/* End PBXProject section */

/* Begin PBXResourcesBuildPhase section */
		3D52E9CE2A0A236C002FC945 /* Resources */ = {
			isa = PBXResourcesBuildPhase;
			buildActionMask = 2147483647;
			files = (
				3D52E9E02A0A236E002FC945 /* LaunchScreen.storyboard in Resources */,
				3D52E9DD2A0A236E002FC945 /* Assets.xcassets in Resources */,
				3D52E9DB2A0A236C002FC945 /* Main.storyboard in Resources */,
			);
			runOnlyForDeploymentPostprocessing = 0;
		};
		3D52E9E42A0A236E002FC945 /* Resources */ = {
			isa = PBXResourcesBuildPhase;
			buildActionMask = 2147483647;
			files = (
			);
			runOnlyForDeploymentPostprocessing = 0;
		};
		3D52E9EE2A0A236E002FC945 /* Resources */ = {
			isa = PBXResourcesBuildPhase;
			buildActionMask = 2147483647;
			files = (
			);
			runOnlyForDeploymentPostprocessing = 0;
		};
/* End PBXResourcesBuildPhase section */

/* Begin PBXSourcesBuildPhase section */
		3D52E9CC2A0A236C002FC945 /* Sources */ = {
			isa = PBXSourcesBuildPhase;
			buildActionMask = 2147483647;
			files = (
				3D52E9D82A0A236C002FC945 /* ViewController.swift in Sources */,
				3D52E9D42A0A236C002FC945 /* AppDelegate.swift in Sources */,
				3D52E9D62A0A236C002FC945 /* SceneDelegate.swift in Sources */,
				3D52EA042A0A2440002FC945 /* Game.swift in Sources */,
			);
			runOnlyForDeploymentPostprocessing = 0;
		};
		3D52E9E22A0A236E002FC945 /* Sources */ = {
			isa = PBXSourcesBuildPhase;
			buildActionMask = 2147483647;
			files = (
				3D52E9EB2A0A236E002FC945 /* motus_programmationTests.swift in Sources */,
			);
			runOnlyForDeploymentPostprocessing = 0;
		};
		3D52E9EC2A0A236E002FC945 /* Sources */ = {
			isa = PBXSourcesBuildPhase;
			buildActionMask = 2147483647;
			files = (
				3D52E9F72A0A236E002FC945 /* motus_programmationUITestsLaunchTests.swift in Sources */,
				3D52E9F52A0A236E002FC945 /* motus_programmationUITests.swift in Sources */,
			);
			runOnlyForDeploymentPostprocessing = 0;
		};
/* End PBXSourcesBuildPhase section */

/* Begin PBXTargetDependency section */
		3D52E9E82A0A236E002FC945 /* PBXTargetDependency */ = {
			isa = PBXTargetDependency;
			target = 3D52E9CF2A0A236C002FC945 /* motus_programmation */;
			targetProxy = 3D52E9E72A0A236E002FC945 /* PBXContainerItemProxy */;
		};
		3D52E9F22A0A236E002FC945 /* PBXTargetDependency */ = {
			isa = PBXTargetDependency;
			target = 3D52E9CF2A0A236C002FC945 /* motus_programmation */;
			targetProxy = 3D52E9F12A0A236E002FC945 /* PBXContainerItemProxy */;
		};
/* End PBXTargetDependency section */

/* Begin PBXVariantGroup section */
		3D52E9D92A0A236C002FC945 /* Main.storyboard */ = {
			isa = PBXVariantGroup;
			children = (
				3D52E9DA2A0A236C002FC945 /* Base */,
			);
			name = Main.storyboard;
			sourceTree = "<group>";
		};
		3D52E9DE2A0A236E002FC945 /* LaunchScreen.storyboard */ = {
			isa = PBXVariantGroup;
			children = (
				3D52E9DF2A0A236E002FC945 /* Base */,
			);
			name = LaunchScreen.storyboard;
			sourceTree = "<group>";
		};
/* End PBXVariantGroup section */

/* Begin XCBuildConfiguration section */
		3D52E9F82A0A236E002FC945 /* Debug */ = {
			isa = XCBuildConfiguration;
			buildSettings = {
				ALWAYS_SEARCH_USER_PATHS = NO;
				CLANG_ANALYZER_NONNULL = YES;
				CLANG_ANALYZER_NUMBER_OBJECT_CONVERSION = YES_AGGRESSIVE;
				CLANG_CXX_LANGUAGE_STANDARD = "gnu++20";
				CLANG_ENABLE_MODULES = YES;
				CLANG_ENABLE_OBJC_ARC = YES;
				CLANG_ENABLE_OBJC_WEAK = YES;
				CLANG_WARN_BLOCK_CAPTURE_AUTORELEASING = YES;
				CLANG_WARN_BOOL_CONVERSION = YES;
				CLANG_WARN_COMMA = YES;
				CLANG_WARN_CONSTANT_CONVERSION = YES;
				CLANG_WARN_DEPRECATED_OBJC_IMPLEMENTATIONS = YES;
				CLANG_WARN_DIRECT_OBJC_ISA_USAGE = YES_ERROR;
				CLANG_WARN_DOCUMENTATION_COMMENTS = YES;
				CLANG_WARN_EMPTY_BODY = YES;
				CLANG_WARN_ENUM_CONVERSION = YES;
				CLANG_WARN_INFINITE_RECURSION = YES;
				CLANG_WARN_INT_CONVERSION = YES;
				CLANG_WARN_NON_LITERAL_NULL_CONVERSION = YES;
				CLANG_WARN_OBJC_IMPLICIT_RETAIN_SELF = YES;
				CLANG_WARN_OBJC_LITERAL_CONVERSION = YES;
				CLANG_WARN_OBJC_ROOT_CLASS = YES_ERROR;
				CLANG_WARN_QUOTED_INCLUDE_IN_FRAMEWORK_HEADER = YES;
				CLANG_WARN_RANGE_LOOP_ANALYSIS = YES;
				CLANG_WARN_STRICT_PROTOTYPES = YES;
				CLANG_WARN_SUSPICIOUS_MOVE = YES;
				CLANG_WARN_UNGUARDED_AVAILABILITY = YES_AGGRESSIVE;
				CLANG_WARN_UNREACHABLE_CODE = YES;
				CLANG_WARN__DUPLICATE_METHOD_MATCH = YES;
				COPY_PHASE_STRIP = NO;
				DEBUG_INFORMATION_FORMAT = dwarf;
				ENABLE_STRICT_OBJC_MSGSEND = YES;
				ENABLE_TESTABILITY = YES;
				GCC_C_LANGUAGE_STANDARD = gnu11;
				GCC_DYNAMIC_NO_PIC = NO;
				GCC_NO_COMMON_BLOCKS = YES;
				GCC_OPTIMIZATION_LEVEL = 0;
				GCC_PREPROCESSOR_DEFINITIONS = (
					"DEBUG=1",
					"$(inherited)",
				);
				GCC_WARN_64_TO_32_BIT_CONVERSION = YES;
				GCC_WARN_ABOUT_RETURN_TYPE = YES_ERROR;
				GCC_WARN_UNDECLARED_SELECTOR = YES;
				GCC_WARN_UNINITIALIZED_AUTOS = YES_AGGRESSIVE;
				GCC_WARN_UNUSED_FUNCTION = YES;
				GCC_WARN_UNUSED_VARIABLE = YES;
				IPHONEOS_DEPLOYMENT_TARGET = 16.2;
				MTL_ENABLE_DEBUG_INFO = INCLUDE_SOURCE;
				MTL_FAST_MATH = YES;
				ONLY_ACTIVE_ARCH = YES;
				SDKROOT = iphoneos;
				SWIFT_ACTIVE_COMPILATION_CONDITIONS = DEBUG;
				SWIFT_OPTIMIZATION_LEVEL = "-Onone";
			};
			name = Debug;
		};
		3D52E9F92A0A236E002FC945 /* Release */ = {
			isa = XCBuildConfiguration;
			buildSettings = {
				ALWAYS_SEARCH_USER_PATHS = NO;
				CLANG_ANALYZER_NONNULL = YES;
				CLANG_ANALYZER_NUMBER_OBJECT_CONVERSION = YES_AGGRESSIVE;
				CLANG_CXX_LANGUAGE_STANDARD = "gnu++20";
				CLANG_ENABLE_MODULES = YES;
				CLANG_ENABLE_OBJC_ARC = YES;
				CLANG_ENABLE_OBJC_WEAK = YES;
				CLANG_WARN_BLOCK_CAPTURE_AUTORELEASING = YES;
				CLANG_WARN_BOOL_CONVERSION = YES;
				CLANG_WARN_COMMA = YES;
				CLANG_WARN_CONSTANT_CONVERSION = YES;
				CLANG_WARN_DEPRECATED_OBJC_IMPLEMENTATIONS = YES;
				CLANG_WARN_DIRECT_OBJC_ISA_USAGE = YES_ERROR;
				CLANG_WARN_DOCUMENTATION_COMMENTS = YES;
				CLANG_WARN_EMPTY_BODY = YES;
				CLANG_WARN_ENUM_CONVERSION = YES;
				CLANG_WARN_INFINITE_RECURSION = YES;
				CLANG_WARN_INT_CONVERSION = YES;
				CLANG_WARN_NON_LITERAL_NULL_CONVERSION = YES;
				CLANG_WARN_OBJC_IMPLICIT_RETAIN_SELF = YES;
				CLANG_WARN_OBJC_LITERAL_CONVERSION = YES;
				CLANG_WARN_OBJC_ROOT_CLASS = YES_ERROR;
				CLANG_WARN_QUOTED_INCLUDE_IN_FRAMEWORK_HEADER = YES;
				CLANG_WARN_RANGE_LOOP_ANALYSIS = YES;
				CLANG_WARN_STRICT_PROTOTYPES = YES;
				CLANG_WARN_SUSPICIOUS_MOVE = YES;
				CLANG_WARN_UNGUARDED_AVAILABILITY = YES_AGGRESSIVE;
				CLANG_WARN_UNREACHABLE_CODE = YES;
				CLANG_WARN__DUPLICATE_METHOD_MATCH = YES;
				COPY_PHASE_STRIP = NO;
				DEBUG_INFORMATION_FORMAT = "dwarf-with-dsym";
				ENABLE_NS_ASSERTIONS = NO;
				ENABLE_STRICT_OBJC_MSGSEND = YES;
				GCC_C_LANGUAGE_STANDARD = gnu11;
				GCC_NO_COMMON_BLOCKS = YES;
				GCC_WARN_64_TO_32_BIT_CONVERSION = YES;
				GCC_WARN_ABOUT_RETURN_TYPE = YES_ERROR;
				GCC_WARN_UNDECLARED_SELECTOR = YES;
				GCC_WARN_UNINITIALIZED_AUTOS = YES_AGGRESSIVE;
				GCC_WARN_UNUSED_FUNCTION = YES;
				GCC_WARN_UNUSED_VARIABLE = YES;
				IPHONEOS_DEPLOYMENT_TARGET = 16.2;
				MTL_ENABLE_DEBUG_INFO = NO;
				MTL_FAST_MATH = YES;
				SDKROOT = iphoneos;
				SWIFT_COMPILATION_MODE = wholemodule;
				SWIFT_OPTIMIZATION_LEVEL = "-O";
				VALIDATE_PRODUCT = YES;
			};
			name = Release;
		};
		3D52E9FB2A0A236E002FC945 /* Debug */ = {
			isa = XCBuildConfiguration;
			buildSettings = {
				ASSETCATALOG_COMPILER_APPICON_NAME = AppIcon;
				ASSETCATALOG_COMPILER_GLOBAL_ACCENT_COLOR_NAME = AccentColor;
				CODE_SIGN_STYLE = Automatic;
				CURRENT_PROJECT_VERSION = 1;
				GENERATE_INFOPLIST_FILE = YES;
				INFOPLIST_FILE = motus_programmation/Info.plist;
				INFOPLIST_KEY_UIApplicationSupportsIndirectInputEvents = YES;
				INFOPLIST_KEY_UILaunchStoryboardName = LaunchScreen;
				INFOPLIST_KEY_UIMainStoryboardFile = Main;
				INFOPLIST_KEY_UISupportedInterfaceOrientations_iPad = "UIInterfaceOrientationPortrait UIInterfaceOrientationPortraitUpsideDown UIInterfaceOrientationLandscapeLeft UIInterfaceOrientationLandscapeRight";
				INFOPLIST_KEY_UISupportedInterfaceOrientations_iPhone = "UIInterfaceOrientationPortrait UIInterfaceOrientationLandscapeLeft UIInterfaceOrientationLandscapeRight";
				LD_RUNPATH_SEARCH_PATHS = (
					"$(inherited)",
					"@executable_path/Frameworks",
				);
				MARKETING_VERSION = 1.0;
				PRODUCT_BUNDLE_IDENTIFIER = "com.iutOrsay.motus-programmation";
				PRODUCT_NAME = "$(TARGET_NAME)";
				SWIFT_EMIT_LOC_STRINGS = YES;
				SWIFT_VERSION = 5.0;
				TARGETED_DEVICE_FAMILY = "1,2";
			};
			name = Debug;
		};
		3D52E9FC2A0A236E002FC945 /* Release */ = {
			isa = XCBuildConfiguration;
			buildSettings = {
				ASSETCATALOG_COMPILER_APPICON_NAME = AppIcon;
				ASSETCATALOG_COMPILER_GLOBAL_ACCENT_COLOR_NAME = AccentColor;
				CODE_SIGN_STYLE = Automatic;
				CURRENT_PROJECT_VERSION = 1;
				GENERATE_INFOPLIST_FILE = YES;
				INFOPLIST_FILE = motus_programmation/Info.plist;
				INFOPLIST_KEY_UIApplicationSupportsIndirectInputEvents = YES;
				INFOPLIST_KEY_UILaunchStoryboardName = LaunchScreen;
				INFOPLIST_KEY_UIMainStoryboardFile = Main;
				INFOPLIST_KEY_UISupportedInterfaceOrientations_iPad = "UIInterfaceOrientationPortrait UIInterfaceOrientationPortraitUpsideDown UIInterfaceOrientationLandscapeLeft UIInterfaceOrientationLandscapeRight";
				INFOPLIST_KEY_UISupportedInterfaceOrientations_iPhone = "UIInterfaceOrientationPortrait UIInterfaceOrientationLandscapeLeft UIInterfaceOrientationLandscapeRight";
				LD_RUNPATH_SEARCH_PATHS = (
					"$(inherited)",
					"@executable_path/Frameworks",
				);
				MARKETING_VERSION = 1.0;
				PRODUCT_BUNDLE_IDENTIFIER = "com.iutOrsay.motus-programmation";
				PRODUCT_NAME = "$(TARGET_NAME)";
				SWIFT_EMIT_LOC_STRINGS = YES;
				SWIFT_VERSION = 5.0;
				TARGETED_DEVICE_FAMILY = "1,2";
			};
			name = Release;
		};
		3D52E9FE2A0A236E002FC945 /* Debug */ = {
			isa = XCBuildConfiguration;
			buildSettings = {
				ALWAYS_EMBED_SWIFT_STANDARD_LIBRARIES = YES;
				BUNDLE_LOADER = "$(TEST_HOST)";
				CODE_SIGN_STYLE = Automatic;
				CURRENT_PROJECT_VERSION = 1;
				GENERATE_INFOPLIST_FILE = YES;
				IPHONEOS_DEPLOYMENT_TARGET = 16.2;
				MARKETING_VERSION = 1.0;
				PRODUCT_BUNDLE_IDENTIFIER = "com.iutOrsay.motus-programmationTests";
				PRODUCT_NAME = "$(TARGET_NAME)";
				SWIFT_EMIT_LOC_STRINGS = NO;
				SWIFT_VERSION = 5.0;
				TARGETED_DEVICE_FAMILY = "1,2";
				TEST_HOST = "$(BUILT_PRODUCTS_DIR)/motus_programmation.app/$(BUNDLE_EXECUTABLE_FOLDER_PATH)/motus_programmation";
			};
			name = Debug;
		};
		3D52E9FF2A0A236E002FC945 /* Release */ = {
			isa = XCBuildConfiguration;
			buildSettings = {
				ALWAYS_EMBED_SWIFT_STANDARD_LIBRARIES = YES;
				BUNDLE_LOADER = "$(TEST_HOST)";
				CODE_SIGN_STYLE = Automatic;
				CURRENT_PROJECT_VERSION = 1;
				GENERATE_INFOPLIST_FILE = YES;
				IPHONEOS_DEPLOYMENT_TARGET = 16.2;
				MARKETING_VERSION = 1.0;
				PRODUCT_BUNDLE_IDENTIFIER = "com.iutOrsay.motus-programmationTests";
				PRODUCT_NAME = "$(TARGET_NAME)";
				SWIFT_EMIT_LOC_STRINGS = NO;
				SWIFT_VERSION = 5.0;
				TARGETED_DEVICE_FAMILY = "1,2";
				TEST_HOST = "$(BUILT_PRODUCTS_DIR)/motus_programmation.app/$(BUNDLE_EXECUTABLE_FOLDER_PATH)/motus_programmation";
			};
			name = Release;
		};
		3D52EA012A0A236E002FC945 /* Debug */ = {
			isa = XCBuildConfiguration;
			buildSettings = {
				ALWAYS_EMBED_SWIFT_STANDARD_LIBRARIES = YES;
				CODE_SIGN_STYLE = Automatic;
				CURRENT_PROJECT_VERSION = 1;
				GENERATE_INFOPLIST_FILE = YES;
				MARKETING_VERSION = 1.0;
				PRODUCT_BUNDLE_IDENTIFIER = "com.iutOrsay.motus-programmationUITests";
				PRODUCT_NAME = "$(TARGET_NAME)";
				SWIFT_EMIT_LOC_STRINGS = NO;
				SWIFT_VERSION = 5.0;
				TARGETED_DEVICE_FAMILY = "1,2";
				TEST_TARGET_NAME = motus_programmation;
			};
			name = Debug;
		};
		3D52EA022A0A236E002FC945 /* Release */ = {
			isa = XCBuildConfiguration;
			buildSettings = {
				ALWAYS_EMBED_SWIFT_STANDARD_LIBRARIES = YES;
				CODE_SIGN_STYLE = Automatic;
				CURRENT_PROJECT_VERSION = 1;
				GENERATE_INFOPLIST_FILE = YES;
				MARKETING_VERSION = 1.0;
				PRODUCT_BUNDLE_IDENTIFIER = "com.iutOrsay.motus-programmationUITests";
				PRODUCT_NAME = "$(TARGET_NAME)";
				SWIFT_EMIT_LOC_STRINGS = NO;
				SWIFT_VERSION = 5.0;
				TARGETED_DEVICE_FAMILY = "1,2";
				TEST_TARGET_NAME = motus_programmation;
			};
			name = Release;
		};
/* End XCBuildConfiguration section */

/* Begin XCConfigurationList section */
		3D52E9CB2A0A236C002FC945 /* Build configuration list for PBXProject "motus_programmation" */ = {
			isa = XCConfigurationList;
			buildConfigurations = (
				3D52E9F82A0A236E002FC945 /* Debug */,
				3D52E9F92A0A236E002FC945 /* Release */,
			);
			defaultConfigurationIsVisible = 0;
			defaultConfigurationName = Release;
		};
		3D52E9FA2A0A236E002FC945 /* Build configuration list for PBXNativeTarget "motus_programmation" */ = {
			isa = XCConfigurationList;
			buildConfigurations = (
				3D52E9FB2A0A236E002FC945 /* Debug */,
				3D52E9FC2A0A236E002FC945 /* Release */,
			);
			defaultConfigurationIsVisible = 0;
			defaultConfigurationName = Release;
		};
		3D52E9FD2A0A236E002FC945 /* Build configuration list for PBXNativeTarget "motus_programmationTests" */ = {
			isa = XCConfigurationList;
			buildConfigurations = (
				3D52E9FE2A0A236E002FC945 /* Debug */,
				3D52E9FF2A0A236E002FC945 /* Release */,
			);
			defaultConfigurationIsVisible = 0;
			defaultConfigurationName = Release;
		};
		3D52EA002A0A236E002FC945 /* Build configuration list for PBXNativeTarget "motus_programmationUITests" */ = {
			isa = XCConfigurationList;
			buildConfigurations = (
				3D52EA012A0A236E002FC945 /* Debug */,
				3D52EA022A0A236E002FC945 /* Release */,
			);
			defaultConfigurationIsVisible = 0;
			defaultConfigurationName = Release;
		};
/* End XCConfigurationList section */
	};
	rootObject = 3D52E9C82A0A236C002FC945 /* Project object */;
}
